
Microsoft Visual Studio Solution File, Format Version 12.00
# Visual Studio 15
VisualStudioVersion = 15.0.26127.3
MinimumVisualStudioVersion = 10.0.40219.1
Project("{9A19103F-16F7-4668-BE54-9A1E7A4F7556}") = "TestHostDebug", "TestHostDebug\TestHostDebug.csproj", "{7FD7DE29-750C-42FD-98E3-C28521D752F9}"
EndProject
Project("{FAE04EC0-301F-11D3-BF4B-00C04F79EFBC}") = "TestHostDebugFull", "TestHostDebugFull\TestHostDebugFull.csproj", "{FA1F3AA3-E740-428C-987E-59FBADD80DDB}"
EndProject
Project("{FAE04EC0-301F-11D3-BF4B-00C04F79EFBC}") = "TestHostDebugPackageConfig", "TestHostDebugPackageConfig\TestHostDebugPackageConfig.csproj", "{FE6FAAC6-E825-44B3-B0C0-7E6E82CC7EAB}"
EndProject
Project("{FAE04EC0-301F-11D3-BF4B-00C04F79EFBC}") = "TestHostDebugNetCore", "TestHostDebugNetCore\TestHostDebugNetCore.csproj", "{A2157405-434D-41C0-A5AE-81BD8721BB34}"
EndProject
Project("{FAE04EC0-301F-11D3-BF4B-00C04F79EFBC}") = "TestHostDebugConsole", "TestHostDebugConsole\TestHostDebugConsole.csproj", "{BDEC53DB-397B-467E-869E-7F409209DD45}"
EndProject
Global
	GlobalSection(SolutionConfigurationPlatforms) = preSolution
		Debug|Any CPU = Debug|Any CPU
		Debug|x64 = Debug|x64
		Debug|x86 = Debug|x86
		Release|Any CPU = Release|Any CPU
		Release|x64 = Release|x64
		Release|x86 = Release|x86
	EndGlobalSection
	GlobalSection(ProjectConfigurationPlatforms) = postSolution
		{7FD7DE29-750C-42FD-98E3-C28521D752F9}.Debug|Any CPU.ActiveCfg = Debug|Any CPU
		{7FD7DE29-750C-42FD-98E3-C28521D752F9}.Debug|Any CPU.Build.0 = Debug|Any CPU
		{7FD7DE29-750C-42FD-98E3-C28521D752F9}.Debug|x64.ActiveCfg = Debug|x64
		{7FD7DE29-750C-42FD-98E3-C28521D752F9}.Debug|x64.Build.0 = Debug|x64
		{7FD7DE29-750C-42FD-98E3-C28521D752F9}.Debug|x86.ActiveCfg = Debug|x86
		{7FD7DE29-750C-42FD-98E3-C28521D752F9}.Debug|x86.Build.0 = Debug|x86
		{7FD7DE29-750C-42FD-98E3-C28521D752F9}.Release|Any CPU.ActiveCfg = Release|Any CPU
		{7FD7DE29-750C-42FD-98E3-C28521D752F9}.Release|Any CPU.Build.0 = Release|Any CPU
		{7FD7DE29-750C-42FD-98E3-C28521D752F9}.Release|x64.ActiveCfg = Release|x64
		{7FD7DE29-750C-42FD-98E3-C28521D752F9}.Release|x64.Build.0 = Release|x64
		{7FD7DE29-750C-42FD-98E3-C28521D752F9}.Release|x86.ActiveCfg = Release|x86
		{7FD7DE29-750C-42FD-98E3-C28521D752F9}.Release|x86.Build.0 = Release|x86
		{FA1F3AA3-E740-428C-987E-59FBADD80DDB}.Debug|Any CPU.ActiveCfg = Debug|Any CPU
		{FA1F3AA3-E740-428C-987E-59FBADD80DDB}.Debug|Any CPU.Build.0 = Debug|Any CPU
		{FA1F3AA3-E740-428C-987E-59FBADD80DDB}.Debug|x64.ActiveCfg = Debug|Any CPU
		{FA1F3AA3-E740-428C-987E-59FBADD80DDB}.Debug|x64.Build.0 = Debug|Any CPU
		{FA1F3AA3-E740-428C-987E-59FBADD80DDB}.Debug|x86.ActiveCfg = Debug|Any CPU
		{FA1F3AA3-E740-428C-987E-59FBADD80DDB}.Debug|x86.Build.0 = Debug|Any CPU
		{FA1F3AA3-E740-428C-987E-59FBADD80DDB}.Release|Any CPU.ActiveCfg = Release|Any CPU
		{FA1F3AA3-E740-428C-987E-59FBADD80DDB}.Release|Any CPU.Build.0 = Release|Any CPU
		{FA1F3AA3-E740-428C-987E-59FBADD80DDB}.Release|x64.ActiveCfg = Release|Any CPU
		{FA1F3AA3-E740-428C-987E-59FBADD80DDB}.Release|x64.Build.0 = Release|Any CPU
		{FA1F3AA3-E740-428C-987E-59FBADD80DDB}.Release|x86.ActiveCfg = Release|Any CPU
		{FA1F3AA3-E740-428C-987E-59FBADD80DDB}.Release|x86.Build.0 = Release|Any CPU
		{FE6FAAC6-E825-44B3-B0C0-7E6E82CC7EAB}.Debug|Any CPU.ActiveCfg = Debug|Any CPU
		{FE6FAAC6-E825-44B3-B0C0-7E6E82CC7EAB}.Debug|Any CPU.Build.0 = Debug|Any CPU
		{FE6FAAC6-E825-44B3-B0C0-7E6E82CC7EAB}.Debug|x64.ActiveCfg = Debug|Any CPU
		{FE6FAAC6-E825-44B3-B0C0-7E6E82CC7EAB}.Debug|x64.Build.0 = Debug|Any CPU
		{FE6FAAC6-E825-44B3-B0C0-7E6E82CC7EAB}.Debug|x86.ActiveCfg = Debug|Any CPU
		{FE6FAAC6-E825-44B3-B0C0-7E6E82CC7EAB}.Debug|x86.Build.0 = Debug|Any CPU
		{FE6FAAC6-E825-44B3-B0C0-7E6E82CC7EAB}.Release|Any CPU.ActiveCfg = Release|Any CPU
		{FE6FAAC6-E825-44B3-B0C0-7E6E82CC7EAB}.Release|Any CPU.Build.0 = Release|Any CPU
		{FE6FAAC6-E825-44B3-B0C0-7E6E82CC7EAB}.Release|x64.ActiveCfg = Release|Any CPU
		{FE6FAAC6-E825-44B3-B0C0-7E6E82CC7EAB}.Release|x64.Build.0 = Release|Any CPU
		{FE6FAAC6-E825-44B3-B0C0-7E6E82CC7EAB}.Release|x86.ActiveCfg = Release|Any CPU
		{FE6FAAC6-E825-44B3-B0C0-7E6E82CC7EAB}.Release|x86.Build.0 = Release|Any CPU
		{A2157405-434D-41C0-A5AE-81BD8721BB34}.Debug|Any CPU.ActiveCfg = Debug|Any CPU
		{A2157405-434D-41C0-A5AE-81BD8721BB34}.Debug|Any CPU.Build.0 = Debug|Any CPU
		{A2157405-434D-41C0-A5AE-81BD8721BB34}.Debug|x64.ActiveCfg = Debug|x64
		{A2157405-434D-41C0-A5AE-81BD8721BB34}.Debug|x64.Build.0 = Debug|x64
		{A2157405-434D-41C0-A5AE-81BD8721BB34}.Debug|x86.ActiveCfg = Debug|x86
		{A2157405-434D-41C0-A5AE-81BD8721BB34}.Debug|x86.Build.0 = Debug|x86
		{A2157405-434D-41C0-A5AE-81BD8721BB34}.Release|Any CPU.ActiveCfg = Release|Any CPU
		{A2157405-434D-41C0-A5AE-81BD8721BB34}.Release|Any CPU.Build.0 = Release|Any CPU
		{A2157405-434D-41C0-A5AE-81BD8721BB34}.Release|x64.ActiveCfg = Release|x64
		{A2157405-434D-41C0-A5AE-81BD8721BB34}.Release|x64.Build.0 = Release|x64
		{A2157405-434D-41C0-A5AE-81BD8721BB34}.Release|x86.ActiveCfg = Release|x86
		{A2157405-434D-41C0-A5AE-81BD8721BB34}.Release|x86.Build.0 = Release|x86
		{BDEC53DB-397B-467E-869E-7F409209DD45}.Debug|Any CPU.ActiveCfg = Debug|Any CPU
		{BDEC53DB-397B-467E-869E-7F409209DD45}.Debug|Any CPU.Build.0 = Debug|Any CPU
		{BDEC53DB-397B-467E-869E-7F409209DD45}.Debug|x64.ActiveCfg = Debug|x64
		{BDEC53DB-397B-467E-869E-7F409209DD45}.Debug|x64.Build.0 = Debug|x64
		{BDEC53DB-397B-467E-869E-7F409209DD45}.Debug|x86.ActiveCfg = Debug|x86
		{BDEC53DB-397B-467E-869E-7F409209DD45}.Debug|x86.Build.0 = Debug|x86
		{BDEC53DB-397B-467E-869E-7F409209DD45}.Release|Any CPU.ActiveCfg = Release|Any CPU
		{BDEC53DB-397B-467E-869E-7F409209DD45}.Release|Any CPU.Build.0 = Release|Any CPU
		{BDEC53DB-397B-467E-869E-7F409209DD45}.Release|x64.ActiveCfg = Release|x64
		{BDEC53DB-397B-467E-869E-7F409209DD45}.Release|x64.Build.0 = Release|x64
		{BDEC53DB-397B-467E-869E-7F409209DD45}.Release|x86.ActiveCfg = Release|x86
		{BDEC53DB-397B-467E-869E-7F409209DD45}.Release|x86.Build.0 = Release|x86
	EndGlobalSection
	GlobalSection(SolutionProperties) = preSolution
		HideSolutionNode = FALSE
	EndGlobalSection
EndGlobal
